
Microsoft Visual Studio Solution File, Format Version 12.00
# Visual Studio Version 17
VisualStudioVersion = 17.0.31903.59
MinimumVisualStudioVersion = 10.0.40219.1
Project("{FAE04EC0-301F-11D3-BF4B-00C04F79EFBC}") = "ChangeString", "ChangeString\ChangeString.csproj", "{63119F3B-0EA1-4A54-9350-9A15024C7752}"
EndProject
Project("{FAE04EC0-301F-11D3-BF4B-00C04F79EFBC}") = "ArraySums", "ArraySums\ArraySums.csproj", "{F1100732-C3C7-4704-80BB-C1F1F640759C}"
EndProject
Project("{FAE04EC0-301F-11D3-BF4B-00C04F79EFBC}") = "PlayerPerks", "PlayerPerks\PlayerPerks.csproj", "{4C93F63E-4B98-4AEE-996B-33279CA28DC1}"
EndProject
Project("{FAE04EC0-301F-11D3-BF4B-00C04F79EFBC}") = "GitBranching", "GitBranching\GitBranching.csproj", "{8B24EE67-B1C2-461C-9BEF-DECEEC22DA5B}"
EndProject
Project("{FAE04EC0-301F-11D3-BF4B-00C04F79EFBC}") = "PlayerPowers", "PlayerPowers\PlayerPowers.csproj", "{6C5B4CB8-1321-4FF6-BC91-C363F4BADE91}"
EndProject
Global
	GlobalSection(SolutionConfigurationPlatforms) = preSolution
		Debug|Any CPU = Debug|Any CPU
		Release|Any CPU = Release|Any CPU
	EndGlobalSection
	GlobalSection(SolutionProperties) = preSolution
		HideSolutionNode = FALSE
	EndGlobalSection
	GlobalSection(ProjectConfigurationPlatforms) = postSolution
		{63119F3B-0EA1-4A54-9350-9A15024C7752}.Debug|Any CPU.ActiveCfg = Debug|Any CPU
		{63119F3B-0EA1-4A54-9350-9A15024C7752}.Debug|Any CPU.Build.0 = Debug|Any CPU
		{63119F3B-0EA1-4A54-9350-9A15024C7752}.Release|Any CPU.ActiveCfg = Release|Any CPU
		{63119F3B-0EA1-4A54-9350-9A15024C7752}.Release|Any CPU.Build.0 = Release|Any CPU
		{F1100732-C3C7-4704-80BB-C1F1F640759C}.Debug|Any CPU.ActiveCfg = Debug|Any CPU
		{F1100732-C3C7-4704-80BB-C1F1F640759C}.Debug|Any CPU.Build.0 = Debug|Any CPU
		{F1100732-C3C7-4704-80BB-C1F1F640759C}.Release|Any CPU.ActiveCfg = Release|Any CPU
		{F1100732-C3C7-4704-80BB-C1F1F640759C}.Release|Any CPU.Build.0 = Release|Any CPU
		{4C93F63E-4B98-4AEE-996B-33279CA28DC1}.Debug|Any CPU.ActiveCfg = Debug|Any CPU
		{4C93F63E-4B98-4AEE-996B-33279CA28DC1}.Debug|Any CPU.Build.0 = Debug|Any CPU
		{4C93F63E-4B98-4AEE-996B-33279CA28DC1}.Release|Any CPU.ActiveCfg = Release|Any CPU
		{4C93F63E-4B98-4AEE-996B-33279CA28DC1}.Release|Any CPU.Build.0 = Release|Any CPU
		{8B24EE67-B1C2-461C-9BEF-DECEEC22DA5B}.Debug|Any CPU.ActiveCfg = Debug|Any CPU
		{8B24EE67-B1C2-461C-9BEF-DECEEC22DA5B}.Debug|Any CPU.Build.0 = Debug|Any CPU
		{8B24EE67-B1C2-461C-9BEF-DECEEC22DA5B}.Release|Any CPU.ActiveCfg = Release|Any CPU
		{8B24EE67-B1C2-461C-9BEF-DECEEC22DA5B}.Release|Any CPU.Build.0 = Release|Any CPU
		{6C5B4CB8-1321-4FF6-BC91-C363F4BADE91}.Debug|Any CPU.ActiveCfg = Debug|Any CPU
		{6C5B4CB8-1321-4FF6-BC91-C363F4BADE91}.Debug|Any CPU.Build.0 = Debug|Any CPU
		{6C5B4CB8-1321-4FF6-BC91-C363F4BADE91}.Release|Any CPU.ActiveCfg = Release|Any CPU
		{6C5B4CB8-1321-4FF6-BC91-C363F4BADE91}.Release|Any CPU.Build.0 = Release|Any CPU
	EndGlobalSection
EndGlobal
